{
  "version": 4,
  "terraform_version": "1.14.5",
  "serial": 23,
  "lineage": "38a6d688-232f-c2a9-1145-5da52cac3936",
  "outputs": {},
  "resources": [
    {
      "mode": "managed",
      "type": "esxi_guest",
      "name": "ubuntu_vm",
      "provider": "provider[\"registry.terraform.io/josenk/esxi\"]",
      "instances": [
        {
          "schema_version": 0,
          "attributes": {
            "boot_disk_size": null,
            "boot_disk_type": "thin",
            "boot_firmware": "bios",
            "clone_from_vm": null,
            "disk_store": "DATASTORE",
            "guest_name": "ubuntu-vm",
            "guest_shutdown_timeout": 30,
            "guest_startup_timeout": 60,
            "guestinfo": {
              "metadata": "aW5zdGFuY2UtaWQ6IHVidW50dS12bQ0KbG9jYWwtaG9zdG5hbWU6IHVidW50dS12bQ0KbmV0d29yazoNCiAgdmVyc2lvbjogMg0KICBldGhlcm5ldHM6DQogICAgZW5zMTkyOg0KICAgICAgYWRkcmVzc2VzOg0KICAgICAgICAtIDE5Mi4xNjguMS41MC8yNA0KICAgICAgZ2F0ZXdheTQ6IDE5Mi4xNjguMS4xDQogICAgICBuYW1lc2VydmVyczoNCiAgICAgICAgYWRkcmVzc2VzOiBbOC44LjguOF0=",
              "metadata.encoding": "base64",
              "userdata": "I2Nsb3VkLWNvbmZpZw0KaG9zdG5hbWU6IHVidW50dS12bQ0KdGltZXpvbmU6IEV1cm9wZS9QYXJpcw0KbG9jYWxlOiBmcl9GUi5VVEYtOA0KDQp1c2VyczoNCiAgLSBuYW1lOiB1YnVudHUNCiAgICBzdWRvOiBBTEw9KEFMTCkgTk9QQVNTV0Q6QUxMDQogICAgc2hlbGw6IC9iaW4vYmFzaA0KICAgIGxvY2tfcGFzc3dkOiBmYWxzZQ0KICAgIHBhc3N3ZDogJDYkcm91bmRzPTQwOTYkVkw3ZU5DdE5nWG9MSFB6bSRqM05tRjZlaTJyeGtKbGlPQy5wT1NuUXRDbHcxZC5mdWxqcUlFRmNGMHBOMTJFRkhaL1pwd0JkeHhBNll4ZWFjSGxTZzAwRzJyLzV2ZG1mT0hvRGEvLyAgICMgZ8OpbsOpcsOpIGF2ZWMgbWtwYXNzd2QNCg0KICAgIA0Kc3NoX3B3YXV0aDogdHJ1ZQ0KICAgIA0KDQpwYWNrYWdlX3VwZGF0ZTogdHJ1ZQ0KcGFja2FnZV91cGdyYWRlOiB0cnVlDQoNCnBhY2thZ2VzOg0KICAtIHZpbQ0KICAtIGN1cmwNCiAgLSBuZXQtdG9vbHMNCiAgLSBvcGVuc3NoLXNlcnZlcg0KDQpydW5jbWQ6DQogIC0gc3lzdGVtY3RsIGVuYWJsZSBzc2gNCiAgLSBzeXN0ZW1jdGwgc3RhcnQgc3No",
              "userdata.encoding": "base64"
            },
            "guestos": "ubuntu-64",
            "host_ovf": null,
            "id": "8",
            "ip_address": "192.168.1.50",
            "memsize": "2048",
            "network_interfaces": [
              {
                "mac_address": "",
                "nic_type": "vmxnet3",
                "virtual_network": "VM Network"
              }
            ],
            "notes": "",
            "numvcpus": "2",
            "ovf_properties": [],
            "ovf_properties_timer": 90,
            "ovf_source": "C:\\Users\\LENOVO\\Documents\\terraform\\ubuntu-22.04-server-cloudimg-amd64.ova",
            "power": "on",
            "resource_pool_name": "/",
            "virthwver": "10",
            "virtual_disks": []
          },
          "sensitive_attributes": [],
          "identity_schema_version": 0,
          "private": "bnVsbA=="
        }
      ]
    }
  ],
  "check_results": null
}
